
Microsoft Visual Studio Solution File, Format Version 12.00
# Visual Studio 14
VisualStudioVersion = 14.0.25420.1
MinimumVisualStudioVersion = 10.0.40219.1
Project("{2150E333-8FDC-42A3-9474-1A3956D46DE8}") = "SolutionDocuments", "SolutionDocuments", "{9A9C4FB5-ECDC-4F42-8F75-1D5F4CF64DC4}"
	ProjectSection(SolutionItems) = preProject
		BISolutionPlan.docx = BISolutionPlan.docx
		BISolutionWorksheets.xlsx = BISolutionWorksheets.xlsx
	EndProjectSection
EndProject
Project("{2150E333-8FDC-42A3-9474-1A3956D46DE8}") = "DWPubsSales", "DWPubsSales", "{958A337D-A099-4755-B3C3-EA8D7A7B334B}"
	ProjectSection(SolutionItems) = preProject
		DWPubsSales\Backing up and restoring the database.sql = DWPubsSales\Backing up and restoring the database.sql
		DWPubsSales\Create DWPubsSales Script.sql = DWPubsSales\Create DWPubsSales Script.sql
		DWPubsSales\DWPubsSales_BeforeETL.bak = DWPubsSales\DWPubsSales_BeforeETL.bak
	EndProjectSection
EndProject
Project("{159641D6-6404-4A2A-AE62-294DE0FE8301}") = "DWPubsSalesETL", "DWPubsSalesETL\DWPubsSalesETL.dtproj", "{3253D3E5-28C6-49FE-B459-B497E9E52570}"
EndProject
Project("{D2ABAB84-BF74-430A-B69E-9DC6D40DDA17}") = "PubsBICubes", "PubsBICubes\PubsBICubes.dwproj", "{236540E3-1408-4DB4-9119-46BDCAEA1D5D}"
EndProject
Global
	GlobalSection(SolutionConfigurationPlatforms) = preSolution
		Development|Default = Development|Default
	EndGlobalSection
	GlobalSection(ProjectConfigurationPlatforms) = postSolution
		{3253D3E5-28C6-49FE-B459-B497E9E52570}.Development|Default.ActiveCfg = Development
		{3253D3E5-28C6-49FE-B459-B497E9E52570}.Development|Default.Build.0 = Development
		{236540E3-1408-4DB4-9119-46BDCAEA1D5D}.Development|Default.ActiveCfg = Development
		{236540E3-1408-4DB4-9119-46BDCAEA1D5D}.Development|Default.Build.0 = Development
		{236540E3-1408-4DB4-9119-46BDCAEA1D5D}.Development|Default.Deploy.0 = Development
	EndGlobalSection
	GlobalSection(SolutionProperties) = preSolution
		HideSolutionNode = FALSE
	EndGlobalSection
	GlobalSection(NestedProjects) = preSolution
		{3253D3E5-28C6-49FE-B459-B497E9E52570} = {9A9C4FB5-ECDC-4F42-8F75-1D5F4CF64DC4}
	EndGlobalSection
EndGlobal
